
Microsoft Visual Studio Solution File, Format Version 12.00
# Visual Studio Version 16
VisualStudioVersion = 16.0.33423.256
MinimumVisualStudioVersion = 10.0.40219.1
Project("{FAE04EC0-301F-11D3-BF4B-00C04F79EFBC}") = "HelloWorldDemo291Batch", "HelloWorldDemo291Batch\HelloWorldDemo291Batch.csproj", "{F5A74185-E3DA-4F57-A3C3-9FD62C2F4417}"
EndProject
Global
	GlobalSection(SolutionConfigurationPlatforms) = preSolution
		Debug|Any CPU = Debug|Any CPU
		Release|Any CPU = Release|Any CPU
	EndGlobalSection
	GlobalSection(ProjectConfigurationPlatforms) = postSolution
		{F5A74185-E3DA-4F57-A3C3-9FD62C2F4417}.Debug|Any CPU.ActiveCfg = Debug|Any CPU
		{F5A74185-E3DA-4F57-A3C3-9FD62C2F4417}.Debug|Any CPU.Build.0 = Debug|Any CPU
		{F5A74185-E3DA-4F57-A3C3-9FD62C2F4417}.Release|Any CPU.ActiveCfg = Release|Any CPU
		{F5A74185-E3DA-4F57-A3C3-9FD62C2F4417}.Release|Any CPU.Build.0 = Release|Any CPU
	EndGlobalSection
	GlobalSection(SolutionProperties) = preSolution
		HideSolutionNode = FALSE
	EndGlobalSection
	GlobalSection(ExtensibilityGlobals) = postSolution
		SolutionGuid = {B25EAC7F-F3AD-4FAF-B5E6-34DD7A33855D}
	EndGlobalSection
EndGlobal
